
Microsoft Visual Studio Solution File, Format Version 12.00
# Visual Studio Version 17
VisualStudioVersion = 17.9.34622.214
MinimumVisualStudioVersion = 10.0.40219.1
Project("{9A19103F-16F7-4668-BE54-9A1E7A4F7556}") = "E-CommerceProject.Models", "E-CommerceProject.Models\E-CommerceProject.Models.csproj", "{706487C7-6139-4D49-B258-DFBA63B68F44}"
EndProject
Project("{9A19103F-16F7-4668-BE54-9A1E7A4F7556}") = "E-CommerceProject.Infrastructure", "E-CommerceProject.Infrastructure\E-CommerceProject.Infrastructure.csproj", "{FDAEB7E8-37AC-47A1-B2C7-F3ED6E8DFC03}"
EndProject
Project("{9A19103F-16F7-4668-BE54-9A1E7A4F7556}") = "E-CommerceProject.Business", "E-CommerceProject.Business\E-CommerceProject.Business.csproj", "{ABE0906C-14CF-4213-9230-26A9766CE8A5}"
EndProject
Project("{FAE04EC0-301F-11D3-BF4B-00C04F79EFBC}") = "E-CommerceProject.WebAPI", "E-CommerceProject.WebAPI\E-CommerceProject.WebAPI.csproj", "{47F2CB5C-32AC-4FD0-AA6C-B343B77859D7}"
EndProject
Global
	GlobalSection(SolutionConfigurationPlatforms) = preSolution
		Debug|Any CPU = Debug|Any CPU
		Release|Any CPU = Release|Any CPU
	EndGlobalSection
	GlobalSection(ProjectConfigurationPlatforms) = postSolution
		{706487C7-6139-4D49-B258-DFBA63B68F44}.Debug|Any CPU.ActiveCfg = Debug|Any CPU
		{706487C7-6139-4D49-B258-DFBA63B68F44}.Debug|Any CPU.Build.0 = Debug|Any CPU
		{706487C7-6139-4D49-B258-DFBA63B68F44}.Release|Any CPU.ActiveCfg = Release|Any CPU
		{706487C7-6139-4D49-B258-DFBA63B68F44}.Release|Any CPU.Build.0 = Release|Any CPU
		{FDAEB7E8-37AC-47A1-B2C7-F3ED6E8DFC03}.Debug|Any CPU.ActiveCfg = Debug|Any CPU
		{FDAEB7E8-37AC-47A1-B2C7-F3ED6E8DFC03}.Debug|Any CPU.Build.0 = Debug|Any CPU
		{FDAEB7E8-37AC-47A1-B2C7-F3ED6E8DFC03}.Release|Any CPU.ActiveCfg = Release|Any CPU
		{FDAEB7E8-37AC-47A1-B2C7-F3ED6E8DFC03}.Release|Any CPU.Build.0 = Release|Any CPU
		{ABE0906C-14CF-4213-9230-26A9766CE8A5}.Debug|Any CPU.ActiveCfg = Debug|Any CPU
		{ABE0906C-14CF-4213-9230-26A9766CE8A5}.Debug|Any CPU.Build.0 = Debug|Any CPU
		{ABE0906C-14CF-4213-9230-26A9766CE8A5}.Release|Any CPU.ActiveCfg = Release|Any CPU
		{ABE0906C-14CF-4213-9230-26A9766CE8A5}.Release|Any CPU.Build.0 = Release|Any CPU
		{47F2CB5C-32AC-4FD0-AA6C-B343B77859D7}.Debug|Any CPU.ActiveCfg = Debug|Any CPU
		{47F2CB5C-32AC-4FD0-AA6C-B343B77859D7}.Debug|Any CPU.Build.0 = Debug|Any CPU
		{47F2CB5C-32AC-4FD0-AA6C-B343B77859D7}.Release|Any CPU.ActiveCfg = Release|Any CPU
		{47F2CB5C-32AC-4FD0-AA6C-B343B77859D7}.Release|Any CPU.Build.0 = Release|Any CPU
	EndGlobalSection
	GlobalSection(SolutionProperties) = preSolution
		HideSolutionNode = FALSE
	EndGlobalSection
	GlobalSection(ExtensibilityGlobals) = postSolution
		SolutionGuid = {69608F40-2A3D-4C16-BC50-E1DC781BB20C}
	EndGlobalSection
EndGlobal
